
Microsoft Visual Studio Solution File, Format Version 12.00
# Visual Studio 15
Project("{FAE04EC0-301F-11D3-BF4B-00C04F79EFBC}") = "csharp", "csharp.csproj", "{5FE2F08F-C679-412F-BF8E-D43171E36ACC}"
EndProject
Global
	GlobalSection(SolutionConfigurationPlatforms) = preSolution
		Debug|Any CPU = Debug|Any CPU
		Release|Any CPU = Release|Any CPU
	EndGlobalSection
	GlobalSection(ProjectConfigurationPlatforms) = postSolution
		{5FE2F08F-C679-412F-BF8E-D43171E36ACC}.Debug|Any CPU.ActiveCfg = Debug|Any CPU
		{5FE2F08F-C679-412F-BF8E-D43171E36ACC}.Debug|Any CPU.Build.0 = Debug|Any CPU
		{5FE2F08F-C679-412F-BF8E-D43171E36ACC}.Release|Any CPU.ActiveCfg = Release|Any CPU
		{5FE2F08F-C679-412F-BF8E-D43171E36ACC}.Release|Any CPU.Build.0 = Release|Any CPU
	EndGlobalSection
EndGlobal
